// !$*UTF8*$!
{
	archiveVersion = 1;
	classes = {
	};
	objectVersion = 50;
	objects = {

/* Begin PBXBuildFile section */
		18E76C772133DADB00BB3681 /* AppDelegate.m in Sources */ = {isa = PBXBuildFile; fileRef = 18E76C762133DADB00BB3681 /* AppDelegate.m */; };
		18E76C7A2133DADB00BB3681 /* ViewController.m in Sources */ = {isa = PBXBuildFile; fileRef = 18E76C792133DADB00BB3681 /* ViewController.m */; };
		18E76C7D2133DADB00BB3681 /* Main.storyboard in Resources */ = {isa = PBXBuildFile; fileRef = 18E76C7B2133DADB00BB3681 /* Main.storyboard */; };
		18E76C7F2133DADC00BB3681 /* Assets.xcassets in Resources */ = {isa = PBXBuildFile; fileRef = 18E76C7E2133DADC00BB3681 /* Assets.xcassets */; };
		18E76C822133DADC00BB3681 /* LaunchScreen.storyboard in Resources */ = {isa = PBXBuildFile; fileRef = 18E76C802133DADC00BB3681 /* LaunchScreen.storyboard */; };
		18E76C852133DADC00BB3681 /* main.m in Sources */ = {isa = PBXBuildFile; fileRef = 18E76C842133DADC00BB3681 /* main.m */; };
		18E76C8F2133DADC00BB3681 /* UISwichTests.m in Sources */ = {isa = PBXBuildFile; fileRef = 18E76C8E2133DADC00BB3681 /* UISwichTests.m */; };
		18E76C9A2133DADC00BB3681 /* UISwichUITests.m in Sources */ = {isa = PBXBuildFile; fileRef = 18E76C992133DADC00BB3681 /* UISwichUITests.m */; };
		18E7C27F21353734006B9EFB /* MyModel.m in Sources */ = {isa = PBXBuildFile; fileRef = 18E7C27E21353734006B9EFB /* MyModel.m */; };
		18E7C2822135376C006B9EFB /* Person.m in Sources */ = {isa = PBXBuildFile; fileRef = 18E7C2812135376C006B9EFB /* Person.m */; };
		18E7C28521353775006B9EFB /* Head.m in Sources */ = {isa = PBXBuildFile; fileRef = 18E7C28421353775006B9EFB /* Head.m */; };
		18E7C2882135377C006B9EFB /* Body.m in Sources */ = {isa = PBXBuildFile; fileRef = 18E7C2872135377C006B9EFB /* Body.m */; };
		18E7C28B21353784006B9EFB /* Leg.m in Sources */ = {isa = PBXBuildFile; fileRef = 18E7C28A21353784006B9EFB /* Leg.m */; };
		265C8F40F620AA4140335CF3 /* libPods-UISwichTests.a in Frameworks */ = {isa = PBXBuildFile; fileRef = 94AA041063F9953DCD7EF585 /* libPods-UISwichTests.a */; };
		8881E242BE2D6D27602F510F /* libPods-UISwich.a in Frameworks */ = {isa = PBXBuildFile; fileRef = F854A11898C79E6B661618E9 /* libPods-UISwich.a */; };
		E88177B842CA56FB8B2F2481 /* libPods-UISwichUITests.a in Frameworks */ = {isa = PBXBuildFile; fileRef = E1971DADDC2FC50DB916E836 /* libPods-UISwichUITests.a */; };
/* End PBXBuildFile section */

/* Begin PBXContainerItemProxy section */
		18E76C8B2133DADC00BB3681 /* PBXContainerItemProxy */ = {
			isa = PBXContainerItemProxy;
			containerPortal = 18E76C6A2133DADB00BB3681 /* Project object */;
			proxyType = 1;
			remoteGlobalIDString = 18E76C712133DADB00BB3681;
			remoteInfo = UISwich;
		};
		18E76C962133DADC00BB3681 /* PBXContainerItemProxy */ = {
			isa = PBXContainerItemProxy;
			containerPortal = 18E76C6A2133DADB00BB3681 /* Project object */;
			proxyType = 1;
			remoteGlobalIDString = 18E76C712133DADB00BB3681;
			remoteInfo = UISwich;
		};
/* End PBXContainerItemProxy section */

/* Begin PBXFileReference section */
		18E76C722133DADB00BB3681 /* UISwich.app */ = {isa = PBXFileReference; explicitFileType = wrapper.application; includeInIndex = 0; path = UISwich.app; sourceTree = BUILT_PRODUCTS_DIR; };
		18E76C752133DADB00BB3681 /* AppDelegate.h */ = {isa = PBXFileReference; lastKnownFileType = sourcecode.c.h; path = AppDelegate.h; sourceTree = "<group>"; };
		18E76C762133DADB00BB3681 /* AppDelegate.m */ = {isa = PBXFileReference; lastKnownFileType = sourcecode.c.objc; path = AppDelegate.m; sourceTree = "<group>"; };
		18E76C782133DADB00BB3681 /* ViewController.h */ = {isa = PBXFileReference; lastKnownFileType = sourcecode.c.h; path = ViewController.h; sourceTree = "<group>"; };
		18E76C792133DADB00BB3681 /* ViewController.m */ = {isa = PBXFileReference; lastKnownFileType = sourcecode.c.objc; path = ViewController.m; sourceTree = "<group>"; };
		18E76C7C2133DADB00BB3681 /* Base */ = {isa = PBXFileReference; lastKnownFileType = file.storyboard; name = Base; path = Base.lproj/Main.storyboard; sourceTree = "<group>"; };
		18E76C7E2133DADC00BB3681 /* Assets.xcassets */ = {isa = PBXFileReference; lastKnownFileType = folder.assetcatalog; path = Assets.xcassets; sourceTree = "<group>"; };
		18E76C812133DADC00BB3681 /* Base */ = {isa = PBXFileReference; lastKnownFileType = file.storyboard; name = Base; path = Base.lproj/LaunchScreen.storyboard; sourceTree = "<group>"; };
		18E76C832133DADC00BB3681 /* Info.plist */ = {isa = PBXFileReference; lastKnownFileType = text.plist.xml; path = Info.plist; sourceTree = "<group>"; };
		18E76C842133DADC00BB3681 /* main.m */ = {isa = PBXFileReference; lastKnownFileType = sourcecode.c.objc; path = main.m; sourceTree = "<group>"; };
		18E76C8A2133DADC00BB3681 /* UISwichTests.xctest */ = {isa = PBXFileReference; explicitFileType = wrapper.cfbundle; includeInIndex = 0; path = UISwichTests.xctest; sourceTree = BUILT_PRODUCTS_DIR; };
		18E76C8E2133DADC00BB3681 /* UISwichTests.m */ = {isa = PBXFileReference; lastKnownFileType = sourcecode.c.objc; path = UISwichTests.m; sourceTree = "<group>"; };
		18E76C902133DADC00BB3681 /* Info.plist */ = {isa = PBXFileReference; lastKnownFileType = text.plist.xml; path = Info.plist; sourceTree = "<group>"; };
		18E76C952133DADC00BB3681 /* UISwichUITests.xctest */ = {isa = PBXFileReference; explicitFileType = wrapper.cfbundle; includeInIndex = 0; path = UISwichUITests.xctest; sourceTree = BUILT_PRODUCTS_DIR; };
		18E76C992133DADC00BB3681 /* UISwichUITests.m */ = {isa = PBXFileReference; lastKnownFileType = sourcecode.c.objc; path = UISwichUITests.m; sourceTree = "<group>"; };
		18E76C9B2133DADC00BB3681 /* Info.plist */ = {isa = PBXFileReference; lastKnownFileType = text.plist.xml; path = Info.plist; sourceTree = "<group>"; };
		18E7C27D21353734006B9EFB /* MyModel.h */ = {isa = PBXFileReference; lastKnownFileType = sourcecode.c.h; path = MyModel.h; sourceTree = "<group>"; };
		18E7C27E21353734006B9EFB /* MyModel.m */ = {isa = PBXFileReference; lastKnownFileType = sourcecode.c.objc; path = MyModel.m; sourceTree = "<group>"; };
		18E7C2802135376C006B9EFB /* Person.h */ = {isa = PBXFileReference; lastKnownFileType = sourcecode.c.h; path = Person.h; sourceTree = "<group>"; };
		18E7C2812135376C006B9EFB /* Person.m */ = {isa = PBXFileReference; lastKnownFileType = sourcecode.c.objc; path = Person.m; sourceTree = "<group>"; };
		18E7C28321353775006B9EFB /* Head.h */ = {isa = PBXFileReference; lastKnownFileType = sourcecode.c.h; path = Head.h; sourceTree = "<group>"; };
		18E7C28421353775006B9EFB /* Head.m */ = {isa = PBXFileReference; lastKnownFileType = sourcecode.c.objc; path = Head.m; sourceTree = "<group>"; };
		18E7C2862135377C006B9EFB /* Body.h */ = {isa = PBXFileReference; lastKnownFileType = sourcecode.c.h; path = Body.h; sourceTree = "<group>"; };
		18E7C2872135377C006B9EFB /* Body.m */ = {isa = PBXFileReference; lastKnownFileType = sourcecode.c.objc; path = Body.m; sourceTree = "<group>"; };
		18E7C28921353784006B9EFB /* Leg.h */ = {isa = PBXFileReference; lastKnownFileType = sourcecode.c.h; path = Leg.h; sourceTree = "<group>"; };
		18E7C28A21353784006B9EFB /* Leg.m */ = {isa = PBXFileReference; lastKnownFileType = sourcecode.c.objc; path = Leg.m; sourceTree = "<group>"; };
		7FC5E8CC011EB600D7716487 /* Pods-UISwich.debug.xcconfig */ = {isa = PBXFileReference; includeInIndex = 1; lastKnownFileType = text.xcconfig; name = "Pods-UISwich.debug.xcconfig"; path = "Pods/Target Support Files/Pods-UISwich/Pods-UISwich.debug.xcconfig"; sourceTree = "<group>"; };
		94AA041063F9953DCD7EF585 /* libPods-UISwichTests.a */ = {isa = PBXFileReference; explicitFileType = archive.ar; includeInIndex = 0; path = "libPods-UISwichTests.a"; sourceTree = BUILT_PRODUCTS_DIR; };
		9B1C1D35BD611A0A26A0FE65 /* Pods-UISwichUITests.release.xcconfig */ = {isa = PBXFileReference; includeInIndex = 1; lastKnownFileType = text.xcconfig; name = "Pods-UISwichUITests.release.xcconfig"; path = "Pods/Target Support Files/Pods-UISwichUITests/Pods-UISwichUITests.release.xcconfig"; sourceTree = "<group>"; };
		A4E70068E4C4C751B579C25F /* Pods-UISwichUITests.debug.xcconfig */ = {isa = PBXFileReference; includeInIndex = 1; lastKnownFileType = text.xcconfig; name = "Pods-UISwichUITests.debug.xcconfig"; path = "Pods/Target Support Files/Pods-UISwichUITests/Pods-UISwichUITests.debug.xcconfig"; sourceTree = "<group>"; };
		AF8785CA74E84294E08BDE63 /* Pods-UISwichTests.debug.xcconfig */ = {isa = PBXFileReference; includeInIndex = 1; lastKnownFileType = text.xcconfig; name = "Pods-UISwichTests.debug.xcconfig"; path = "Pods/Target Support Files/Pods-UISwichTests/Pods-UISwichTests.debug.xcconfig"; sourceTree = "<group>"; };
		B65319F2511E0CB38859C956 /* Pods-UISwich.release.xcconfig */ = {isa = PBXFileReference; includeInIndex = 1; lastKnownFileType = text.xcconfig; name = "Pods-UISwich.release.xcconfig"; path = "Pods/Target Support Files/Pods-UISwich/Pods-UISwich.release.xcconfig"; sourceTree = "<group>"; };
		D2867F009732AE42637FDBE3 /* Pods-UISwichTests.release.xcconfig */ = {isa = PBXFileReference; includeInIndex = 1; lastKnownFileType = text.xcconfig; name = "Pods-UISwichTests.release.xcconfig"; path = "Pods/Target Support Files/Pods-UISwichTests/Pods-UISwichTests.release.xcconfig"; sourceTree = "<group>"; };
		E1971DADDC2FC50DB916E836 /* libPods-UISwichUITests.a */ = {isa = PBXFileReference; explicitFileType = archive.ar; includeInIndex = 0; path = "libPods-UISwichUITests.a"; sourceTree = BUILT_PRODUCTS_DIR; };
		F854A11898C79E6B661618E9 /* libPods-UISwich.a */ = {isa = PBXFileReference; explicitFileType = archive.ar; includeInIndex = 0; path = "libPods-UISwich.a"; sourceTree = BUILT_PRODUCTS_DIR; };
/* End PBXFileReference section */

/* Begin PBXFrameworksBuildPhase section */
		18E76C6F2133DADB00BB3681 /* Frameworks */ = {
			isa = PBXFrameworksBuildPhase;
			buildActionMask = 2147483647;
			files = (
				8881E242BE2D6D27602F510F /* libPods-UISwich.a in Frameworks */,
			);
			runOnlyForDeploymentPostprocessing = 0;
		};
		18E76C872133DADC00BB3681 /* Frameworks */ = {
			isa = PBXFrameworksBuildPhase;
			buildActionMask = 2147483647;
			files = (
				265C8F40F620AA4140335CF3 /* libPods-UISwichTests.a in Frameworks */,
			);
			runOnlyForDeploymentPostprocessing = 0;
		};
		18E76C922133DADC00BB3681 /* Frameworks */ = {
			isa = PBXFrameworksBuildPhase;
			buildActionMask = 2147483647;
			files = (
				E88177B842CA56FB8B2F2481 /* libPods-UISwichUITests.a in Frameworks */,
			);
			runOnlyForDeploymentPostprocessing = 0;
		};
/* End PBXFrameworksBuildPhase section */

/* Begin PBXGroup section */
		18E76C692133DADB00BB3681 = {
			isa = PBXGroup;
			children = (
				18E7C27C2135371E006B9EFB /* Person */,
				18E76C742133DADB00BB3681 /* UISwich */,
				18E76C8D2133DADC00BB3681 /* UISwichTests */,
				18E76C982133DADC00BB3681 /* UISwichUITests */,
				18E76C732133DADB00BB3681 /* Products */,
				1D0E1804632196D4D27CD055 /* Pods */,
				83C5E0D57BCF656218B41A54 /* Frameworks */,
			);
			sourceTree = "<group>";
		};
		18E76C732133DADB00BB3681 /* Products */ = {
			isa = PBXGroup;
			children = (
				18E76C722133DADB00BB3681 /* UISwich.app */,
				18E76C8A2133DADC00BB3681 /* UISwichTests.xctest */,
				18E76C952133DADC00BB3681 /* UISwichUITests.xctest */,
			);
			name = Products;
			sourceTree = "<group>";
		};
		18E76C742133DADB00BB3681 /* UISwich */ = {
			isa = PBXGroup;
			children = (
				18E76C752133DADB00BB3681 /* AppDelegate.h */,
				18E76C762133DADB00BB3681 /* AppDelegate.m */,
				18E76C782133DADB00BB3681 /* ViewController.h */,
				18E76C792133DADB00BB3681 /* ViewController.m */,
				18E76C7B2133DADB00BB3681 /* Main.storyboard */,
				18E76C7E2133DADC00BB3681 /* Assets.xcassets */,
				18E76C802133DADC00BB3681 /* LaunchScreen.storyboard */,
				18E76C832133DADC00BB3681 /* Info.plist */,
				18E76C842133DADC00BB3681 /* main.m */,
			);
			path = UISwich;
			sourceTree = "<group>";
		};
		18E76C8D2133DADC00BB3681 /* UISwichTests */ = {
			isa = PBXGroup;
			children = (
				18E76C8E2133DADC00BB3681 /* UISwichTests.m */,
				18E76C902133DADC00BB3681 /* Info.plist */,
			);
			path = UISwichTests;
			sourceTree = "<group>";
		};
		18E76C982133DADC00BB3681 /* UISwichUITests */ = {
			isa = PBXGroup;
			children = (
				18E76C992133DADC00BB3681 /* UISwichUITests.m */,
				18E76C9B2133DADC00BB3681 /* Info.plist */,
			);
			path = UISwichUITests;
			sourceTree = "<group>";
		};
		18E7C27C2135371E006B9EFB /* Person */ = {
			isa = PBXGroup;
			children = (
				18E7C27D21353734006B9EFB /* MyModel.h */,
				18E7C27E21353734006B9EFB /* MyModel.m */,
				18E7C2802135376C006B9EFB /* Person.h */,
				18E7C2812135376C006B9EFB /* Person.m */,
				18E7C28321353775006B9EFB /* Head.h */,
				18E7C28421353775006B9EFB /* Head.m */,
				18E7C2862135377C006B9EFB /* Body.h */,
				18E7C2872135377C006B9EFB /* Body.m */,
				18E7C28921353784006B9EFB /* Leg.h */,
				18E7C28A21353784006B9EFB /* Leg.m */,
			);
			path = Person;
			sourceTree = "<group>";
		};
		1D0E1804632196D4D27CD055 /* Pods */ = {
			isa = PBXGroup;
			children = (
				7FC5E8CC011EB600D7716487 /* Pods-UISwich.debug.xcconfig */,
				B65319F2511E0CB38859C956 /* Pods-UISwich.release.xcconfig */,
				AF8785CA74E84294E08BDE63 /* Pods-UISwichTests.debug.xcconfig */,
				D2867F009732AE42637FDBE3 /* Pods-UISwichTests.release.xcconfig */,
				A4E70068E4C4C751B579C25F /* Pods-UISwichUITests.debug.xcconfig */,
				9B1C1D35BD611A0A26A0FE65 /* Pods-UISwichUITests.release.xcconfig */,
			);
			name = Pods;
			sourceTree = "<group>";
		};
		83C5E0D57BCF656218B41A54 /* Frameworks */ = {
			isa = PBXGroup;
			children = (
				F854A11898C79E6B661618E9 /* libPods-UISwich.a */,
				94AA041063F9953DCD7EF585 /* libPods-UISwichTests.a */,
				E1971DADDC2FC50DB916E836 /* libPods-UISwichUITests.a */,
			);
			name = Frameworks;
			sourceTree = "<group>";
		};
/* End PBXGroup section */

/* Begin PBXNativeTarget section */
		18E76C712133DADB00BB3681 /* UISwich */ = {
			isa = PBXNativeTarget;
			buildConfigurationList = 18E76C9E2133DADC00BB3681 /* Build configuration list for PBXNativeTarget "UISwich" */;
			buildPhases = (
				6238E25C65D3D21660D4AF26 /* [CP] Check Pods Manifest.lock */,
				18E76C6E2133DADB00BB3681 /* Sources */,
				18E76C6F2133DADB00BB3681 /* Frameworks */,
				18E76C702133DADB00BB3681 /* Resources */,
			);
			buildRules = (
			);
			dependencies = (
			);
			name = UISwich;
			productName = UISwich;
			productReference = 18E76C722133DADB00BB3681 /* UISwich.app */;
			productType = "com.apple.product-type.application";
		};
		18E76C892133DADC00BB3681 /* UISwichTests */ = {
			isa = PBXNativeTarget;
			buildConfigurationList = 18E76CA12133DADC00BB3681 /* Build configuration list for PBXNativeTarget "UISwichTests" */;
			buildPhases = (
				89324A2AE8AB9018021C8F9F /* [CP] Check Pods Manifest.lock */,
				18E76C862133DADC00BB3681 /* Sources */,
				18E76C872133DADC00BB3681 /* Frameworks */,
				18E76C882133DADC00BB3681 /* Resources */,
			);
			buildRules = (
			);
			dependencies = (
				18E76C8C2133DADC00BB3681 /* PBXTargetDependency */,
			);
			name = UISwichTests;
			productName = UISwichTests;
			productReference = 18E76C8A2133DADC00BB3681 /* UISwichTests.xctest */;
			productType = "com.apple.product-type.bundle.unit-test";
		};
		18E76C942133DADC00BB3681 /* UISwichUITests */ = {
			isa = PBXNativeTarget;
			buildConfigurationList = 18E76CA42133DADC00BB3681 /* Build configuration list for PBXNativeTarget "UISwichUITests" */;
			buildPhases = (
				41648F81A6F7DE2A5EC63D77 /* [CP] Check Pods Manifest.lock */,
				18E76C912133DADC00BB3681 /* Sources */,
				18E76C922133DADC00BB3681 /* Frameworks */,
				18E76C932133DADC00BB3681 /* Resources */,
			);
			buildRules = (
			);
			dependencies = (
				18E76C972133DADC00BB3681 /* PBXTargetDependency */,
			);
			name = UISwichUITests;
			productName = UISwichUITests;
			productReference = 18E76C952133DADC00BB3681 /* UISwichUITests.xctest */;
			productType = "com.apple.product-type.bundle.ui-testing";
		};
/* End PBXNativeTarget section */

/* Begin PBXProject section */
		18E76C6A2133DADB00BB3681 /* Project object */ = {
			isa = PBXProject;
			attributes = {
				LastUpgradeCheck = 0940;
				ORGANIZATIONNAME = "橘子";
				TargetAttributes = {
					18E76C712133DADB00BB3681 = {
						CreatedOnToolsVersion = 9.4.1;
					};
					18E76C892133DADC00BB3681 = {
						CreatedOnToolsVersion = 9.4.1;
						TestTargetID = 18E76C712133DADB00BB3681;
					};
					18E76C942133DADC00BB3681 = {
						CreatedOnToolsVersion = 9.4.1;
						TestTargetID = 18E76C712133DADB00BB3681;
					};
				};
			};
			buildConfigurationList = 18E76C6D2133DADB00BB3681 /* Build configuration list for PBXProject "UISwich" */;
			compatibilityVersion = "Xcode 9.3";
			developmentRegion = en;
			hasScannedForEncodings = 0;
			knownRegions = (
				en,
				Base,
			);
			mainGroup = 18E76C692133DADB00BB3681;
			productRefGroup = 18E76C732133DADB00BB3681 /* Products */;
			projectDirPath = "";
			projectRoot = "";
			targets = (
				18E76C712133DADB00BB3681 /* UISwich */,
				18E76C892133DADC00BB3681 /* UISwichTests */,
				18E76C942133DADC00BB3681 /* UISwichUITests */,
			);
		};
/* End PBXProject section */

/* Begin PBXResourcesBuildPhase section */
		18E76C702133DADB00BB3681 /* Resources */ = {
			isa = PBXResourcesBuildPhase;
			buildActionMask = 2147483647;
			files = (
				18E76C822133DADC00BB3681 /* LaunchScreen.storyboard in Resources */,
				18E76C7F2133DADC00BB3681 /* Assets.xcassets in Resources */,
				18E76C7D2133DADB00BB3681 /* Main.storyboard in Resources */,
			);
			runOnlyForDeploymentPostprocessing = 0;
		};
		18E76C882133DADC00BB3681 /* Resources */ = {
			isa = PBXResourcesBuildPhase;
			buildActionMask = 2147483647;
			files = (
			);
			runOnlyForDeploymentPostprocessing = 0;
		};
		18E76C932133DADC00BB3681 /* Resources */ = {
			isa = PBXResourcesBuildPhase;
			buildActionMask = 2147483647;
			files = (
			);
			runOnlyForDeploymentPostprocessing = 0;
		};
/* End PBXResourcesBuildPhase section */

/* Begin PBXShellScriptBuildPhase section */
		41648F81A6F7DE2A5EC63D77 /* [CP] Check Pods Manifest.lock */ = {
			isa = PBXShellScriptBuildPhase;
			buildActionMask = 2147483647;
			files = (
			);
			inputPaths = (
				"${PODS_PODFILE_DIR_PATH}/Podfile.lock",
				"${PODS_ROOT}/Manifest.lock",
			);
			name = "[CP] Check Pods Manifest.lock";
			outputPaths = (
				"$(DERIVED_FILE_DIR)/Pods-UISwichUITests-checkManifestLockResult.txt",
			);
			runOnlyForDeploymentPostprocessing = 0;
			shellPath = /bin/sh;
			shellScript = "diff \"${PODS_PODFILE_DIR_PATH}/Podfile.lock\" \"${PODS_ROOT}/Manifest.lock\" > /dev/null\nif [ $? != 0 ] ; then\n    # print error to STDERR\n    echo \"error: The sandbox is not in sync with the Podfile.lock. Run 'pod install' or update your CocoaPods installation.\" >&2\n    exit 1\nfi\n# This output is used by Xcode 'outputs' to avoid re-running this script phase.\necho \"SUCCESS\" > \"${SCRIPT_OUTPUT_FILE_0}\"\n";
			showEnvVarsInLog = 0;
		};
		6238E25C65D3D21660D4AF26 /* [CP] Check Pods Manifest.lock */ = {
			isa = PBXShellScriptBuildPhase;
			buildActionMask = 2147483647;
			files = (
			);
			inputPaths = (
				"${PODS_PODFILE_DIR_PATH}/Podfile.lock",
				"${PODS_ROOT}/Manifest.lock",
			);
			name = "[CP] Check Pods Manifest.lock";
			outputPaths = (
				"$(DERIVED_FILE_DIR)/Pods-UISwich-checkManifestLockResult.txt",
			);
			runOnlyForDeploymentPostprocessing = 0;
			shellPath = /bin/sh;
			shellScript = "diff \"${PODS_PODFILE_DIR_PATH}/Podfile.lock\" \"${PODS_ROOT}/Manifest.lock\" > /dev/null\nif [ $? != 0 ] ; then\n    # print error to STDERR\n    echo \"error: The sandbox is not in sync with the Podfile.lock. Run 'pod install' or update your CocoaPods installation.\" >&2\n    exit 1\nfi\n# This output is used by Xcode 'outputs' to avoid re-running this script phase.\necho \"SUCCESS\" > \"${SCRIPT_OUTPUT_FILE_0}\"\n";
			showEnvVarsInLog = 0;
		};
		89324A2AE8AB9018021C8F9F /* [CP] Check Pods Manifest.lock */ = {
			isa = PBXShellScriptBuildPhase;
			buildActionMask = 2147483647;
			files = (
			);
			inputPaths = (
				"${PODS_PODFILE_DIR_PATH}/Podfile.lock",
				"${PODS_ROOT}/Manifest.lock",
			);
			name = "[CP] Check Pods Manifest.lock";
			outputPaths = (
				"$(DERIVED_FILE_DIR)/Pods-UISwichTests-checkManifestLockResult.txt",
			);
			runOnlyForDeploymentPostprocessing = 0;
			shellPath = /bin/sh;
			shellScript = "diff \"${PODS_PODFILE_DIR_PATH}/Podfile.lock\" \"${PODS_ROOT}/Manifest.lock\" > /dev/null\nif [ $? != 0 ] ; then\n    # print error to STDERR\n    echo \"error: The sandbox is not in sync with the Podfile.lock. Run 'pod install' or update your CocoaPods installation.\" >&2\n    exit 1\nfi\n# This output is used by Xcode 'outputs' to avoid re-running this script phase.\necho \"SUCCESS\" > \"${SCRIPT_OUTPUT_FILE_0}\"\n";
			showEnvVarsInLog = 0;
		};
/* End PBXShellScriptBuildPhase section */

/* Begin PBXSourcesBuildPhase section */
		18E76C6E2133DADB00BB3681 /* Sources */ = {
			isa = PBXSourcesBuildPhase;
			buildActionMask = 2147483647;
			files = (
				18E7C28B21353784006B9EFB /* Leg.m in Sources */,
				18E76C7A2133DADB00BB3681 /* ViewController.m in Sources */,
				18E7C28521353775006B9EFB /* Head.m in Sources */,
				18E76C852133DADC00BB3681 /* main.m in Sources */,
				18E7C2822135376C006B9EFB /* Person.m in Sources */,
				18E76C772133DADB00BB3681 /* AppDelegate.m in Sources */,
				18E7C27F21353734006B9EFB /* MyModel.m in Sources */,
				18E7C2882135377C006B9EFB /* Body.m in Sources */,
			);
			runOnlyForDeploymentPostprocessing = 0;
		};
		18E76C862133DADC00BB3681 /* Sources */ = {
			isa = PBXSourcesBuildPhase;
			buildActionMask = 2147483647;
			files = (
				18E76C8F2133DADC00BB3681 /* UISwichTests.m in Sources */,
			);
			runOnlyForDeploymentPostprocessing = 0;
		};
		18E76C912133DADC00BB3681 /* Sources */ = {
			isa = PBXSourcesBuildPhase;
			buildActionMask = 2147483647;
			files = (
				18E76C9A2133DADC00BB3681 /* UISwichUITests.m in Sources */,
			);
			runOnlyForDeploymentPostprocessing = 0;
		};
/* End PBXSourcesBuildPhase section */

/* Begin PBXTargetDependency section */
		18E76C8C2133DADC00BB3681 /* PBXTargetDependency */ = {
			isa = PBXTargetDependency;
			target = 18E76C712133DADB00BB3681 /* UISwich */;
			targetProxy = 18E76C8B2133DADC00BB3681 /* PBXContainerItemProxy */;
		};
		18E76C972133DADC00BB3681 /* PBXTargetDependency */ = {
			isa = PBXTargetDependency;
			target = 18E76C712133DADB00BB3681 /* UISwich */;
			targetProxy = 18E76C962133DADC00BB3681 /* PBXContainerItemProxy */;
		};
/* End PBXTargetDependency section */

/* Begin PBXVariantGroup section */
		18E76C7B2133DADB00BB3681 /* Main.storyboard */ = {
			isa = PBXVariantGroup;
			children = (
				18E76C7C2133DADB00BB3681 /* Base */,
			);
			name = Main.storyboard;
			sourceTree = "<group>";
		};
		18E76C802133DADC00BB3681 /* LaunchScreen.storyboard */ = {
			isa = PBXVariantGroup;
			children = (
				18E76C812133DADC00BB3681 /* Base */,
			);
			name = LaunchScreen.storyboard;
			sourceTree = "<group>";
		};
/* End PBXVariantGroup section */

/* Begin XCBuildConfiguration section */
		18E76C9C2133DADC00BB3681 /* Debug */ = {
			isa = XCBuildConfiguration;
			buildSettings = {
				ALWAYS_SEARCH_USER_PATHS = NO;
				CLANG_ANALYZER_NONNULL = YES;
				CLANG_ANALYZER_NUMBER_OBJECT_CONVERSION = YES_AGGRESSIVE;
				CLANG_CXX_LANGUAGE_STANDARD = "gnu++14";
				CLANG_CXX_LIBRARY = "libc++";
				CLANG_ENABLE_MODULES = YES;
				CLANG_ENABLE_OBJC_ARC = YES;
				CLANG_ENABLE_OBJC_WEAK = YES;
				CLANG_WARN_BLOCK_CAPTURE_AUTORELEASING = YES;
				CLANG_WARN_BOOL_CONVERSION = YES;
				CLANG_WARN_COMMA = YES;
				CLANG_WARN_CONSTANT_CONVERSION = YES;
				CLANG_WARN_DEPRECATED_OBJC_IMPLEMENTATIONS = YES;
				CLANG_WARN_DIRECT_OBJC_ISA_USAGE = YES_ERROR;
				CLANG_WARN_DOCUMENTATION_COMMENTS = YES;
				CLANG_WARN_EMPTY_BODY = YES;
				CLANG_WARN_ENUM_CONVERSION = YES;
				CLANG_WARN_INFINITE_RECURSION = YES;
				CLANG_WARN_INT_CONVERSION = YES;
				CLANG_WARN_NON_LITERAL_NULL_CONVERSION = YES;
				CLANG_WARN_OBJC_IMPLICIT_RETAIN_SELF = YES;
				CLANG_WARN_OBJC_LITERAL_CONVERSION = YES;
				CLANG_WARN_OBJC_ROOT_CLASS = YES_ERROR;
				CLANG_WARN_RANGE_LOOP_ANALYSIS = YES;
				CLANG_WARN_STRICT_PROTOTYPES = YES;
				CLANG_WARN_SUSPICIOUS_MOVE = YES;
				CLANG_WARN_UNGUARDED_AVAILABILITY = YES_AGGRESSIVE;
				CLANG_WARN_UNREACHABLE_CODE = YES;
				CLANG_WARN__DUPLICATE_METHOD_MATCH = YES;
				CODE_SIGN_IDENTITY = "iPhone Developer";
				COPY_PHASE_STRIP = NO;
				DEBUG_INFORMATION_FORMAT = dwarf;
				ENABLE_STRICT_OBJC_MSGSEND = YES;
				ENABLE_TESTABILITY = YES;
				GCC_C_LANGUAGE_STANDARD = gnu11;
				GCC_DYNAMIC_NO_PIC = NO;
				GCC_NO_COMMON_BLOCKS = YES;
				GCC_OPTIMIZATION_LEVEL = 0;
				GCC_PREPROCESSOR_DEFINITIONS = (
					"DEBUG=1",
					"$(inherited)",
				);
				GCC_WARN_64_TO_32_BIT_CONVERSION = YES;
				GCC_WARN_ABOUT_RETURN_TYPE = YES_ERROR;
				GCC_WARN_UNDECLARED_SELECTOR = YES;
				GCC_WARN_UNINITIALIZED_AUTOS = YES_AGGRESSIVE;
				GCC_WARN_UNUSED_FUNCTION = YES;
				GCC_WARN_UNUSED_VARIABLE = YES;
				IPHONEOS_DEPLOYMENT_TARGET = 11.4;
				MTL_ENABLE_DEBUG_INFO = YES;
				ONLY_ACTIVE_ARCH = YES;
				SDKROOT = iphoneos;
			};
			name = Debug;
		};
		18E76C9D2133DADC00BB3681 /* Release */ = {
			isa = XCBuildConfiguration;
			buildSettings = {
				ALWAYS_SEARCH_USER_PATHS = NO;
				CLANG_ANALYZER_NONNULL = YES;
				CLANG_ANALYZER_NUMBER_OBJECT_CONVERSION = YES_AGGRESSIVE;
				CLANG_CXX_LANGUAGE_STANDARD = "gnu++14";
				CLANG_CXX_LIBRARY = "libc++";
				CLANG_ENABLE_MODULES = YES;
				CLANG_ENABLE_OBJC_ARC = YES;
				CLANG_ENABLE_OBJC_WEAK = YES;
				CLANG_WARN_BLOCK_CAPTURE_AUTORELEASING = YES;
				CLANG_WARN_BOOL_CONVERSION = YES;
				CLANG_WARN_COMMA = YES;
				CLANG_WARN_CONSTANT_CONVERSION = YES;
				CLANG_WARN_DEPRECATED_OBJC_IMPLEMENTATIONS = YES;
				CLANG_WARN_DIRECT_OBJC_ISA_USAGE = YES_ERROR;
				CLANG_WARN_DOCUMENTATION_COMMENTS = YES;
				CLANG_WARN_EMPTY_BODY = YES;
				CLANG_WARN_ENUM_CONVERSION = YES;
				CLANG_WARN_INFINITE_RECURSION = YES;
				CLANG_WARN_INT_CONVERSION = YES;
				CLANG_WARN_NON_LITERAL_NULL_CONVERSION = YES;
				CLANG_WARN_OBJC_IMPLICIT_RETAIN_SELF = YES;
				CLANG_WARN_OBJC_LITERAL_CONVERSION = YES;
				CLANG_WARN_OBJC_ROOT_CLASS = YES_ERROR;
				CLANG_WARN_RANGE_LOOP_ANALYSIS = YES;
				CLANG_WARN_STRICT_PROTOTYPES = YES;
				CLANG_WARN_SUSPICIOUS_MOVE = YES;
				CLANG_WARN_UNGUARDED_AVAILABILITY = YES_AGGRESSIVE;
				CLANG_WARN_UNREACHABLE_CODE = YES;
				CLANG_WARN__DUPLICATE_METHOD_MATCH = YES;
				CODE_SIGN_IDENTITY = "iPhone Developer";
				COPY_PHASE_STRIP = NO;
				DEBUG_INFORMATION_FORMAT = "dwarf-with-dsym";
				ENABLE_NS_ASSERTIONS = NO;
				ENABLE_STRICT_OBJC_MSGSEND = YES;
				GCC_C_LANGUAGE_STANDARD = gnu11;
				GCC_NO_COMMON_BLOCKS = YES;
				GCC_WARN_64_TO_32_BIT_CONVERSION = YES;
				GCC_WARN_ABOUT_RETURN_TYPE = YES_ERROR;
				GCC_WARN_UNDECLARED_SELECTOR = YES;
				GCC_WARN_UNINITIALIZED_AUTOS = YES_AGGRESSIVE;
				GCC_WARN_UNUSED_FUNCTION = YES;
				GCC_WARN_UNUSED_VARIABLE = YES;
				IPHONEOS_DEPLOYMENT_TARGET = 11.4;
				MTL_ENABLE_DEBUG_INFO = NO;
				SDKROOT = iphoneos;
				VALIDATE_PRODUCT = YES;
			};
			name = Release;
		};
		18E76C9F2133DADC00BB3681 /* Debug */ = {
			isa = XCBuildConfiguration;
			baseConfigurationReference = 7FC5E8CC011EB600D7716487 /* Pods-UISwich.debug.xcconfig */;
			buildSettings = {
				ASSETCATALOG_COMPILER_APPICON_NAME = AppIcon;
				CODE_SIGN_STYLE = Automatic;
				DEVELOPMENT_TEAM = 9ZW85V7AG4;
				INFOPLIST_FILE = UISwich/Info.plist;
				LD_RUNPATH_SEARCH_PATHS = (
					"$(inherited)",
					"@executable_path/Frameworks",
				);
				PRODUCT_BUNDLE_IDENTIFIER = com.chuandukeji.UISwich;
				PRODUCT_NAME = "$(TARGET_NAME)";
				TARGETED_DEVICE_FAMILY = "1,2";
			};
			name = Debug;
		};
		18E76CA02133DADC00BB3681 /* Release */ = {
			isa = XCBuildConfiguration;
			baseConfigurationReference = B65319F2511E0CB38859C956 /* Pods-UISwich.release.xcconfig */;
			buildSettings = {
				ASSETCATALOG_COMPILER_APPICON_NAME = AppIcon;
				CODE_SIGN_STYLE = Automatic;
				DEVELOPMENT_TEAM = 9ZW85V7AG4;
				INFOPLIST_FILE = UISwich/Info.plist;
				LD_RUNPATH_SEARCH_PATHS = (
					"$(inherited)",
					"@executable_path/Frameworks",
				);
				PRODUCT_BUNDLE_IDENTIFIER = com.chuandukeji.UISwich;
				PRODUCT_NAME = "$(TARGET_NAME)";
				TARGETED_DEVICE_FAMILY = "1,2";
			};
			name = Release;
		};
		18E76CA22133DADC00BB3681 /* Debug */ = {
			isa = XCBuildConfiguration;
			baseConfigurationReference = AF8785CA74E84294E08BDE63 /* Pods-UISwichTests.debug.xcconfig */;
			buildSettings = {
				BUNDLE_LOADER = "$(TEST_HOST)";
				CODE_SIGN_STYLE = Automatic;
				DEVELOPMENT_TEAM = 9ZW85V7AG4;
				INFOPLIST_FILE = UISwichTests/Info.plist;
				LD_RUNPATH_SEARCH_PATHS = (
					"$(inherited)",
					"@executable_path/Frameworks",
					"@loader_path/Frameworks",
				);
				PRODUCT_BUNDLE_IDENTIFIER = com.chuandukeji.UISwichTests;
				PRODUCT_NAME = "$(TARGET_NAME)";
				TARGETED_DEVICE_FAMILY = "1,2";
				TEST_HOST = "$(BUILT_PRODUCTS_DIR)/UISwich.app/UISwich";
			};
			name = Debug;
		};
		18E76CA32133DADC00BB3681 /* Release */ = {
			isa = XCBuildConfiguration;
			baseConfigurationReference = D2867F009732AE42637FDBE3 /* Pods-UISwichTests.release.xcconfig */;
			buildSettings = {
				BUNDLE_LOADER = "$(TEST_HOST)";
				CODE_SIGN_STYLE = Automatic;
				DEVELOPMENT_TEAM = 9ZW85V7AG4;
				INFOPLIST_FILE = UISwichTests/Info.plist;
				LD_RUNPATH_SEARCH_PATHS = (
					"$(inherited)",
					"@executable_path/Frameworks",
					"@loader_path/Frameworks",
				);
				PRODUCT_BUNDLE_IDENTIFIER = com.chuandukeji.UISwichTests;
				PRODUCT_NAME = "$(TARGET_NAME)";
				TARGETED_DEVICE_FAMILY = "1,2";
				TEST_HOST = "$(BUILT_PRODUCTS_DIR)/UISwich.app/UISwich";
			};
			name = Release;
		};
		18E76CA52133DADC00BB3681 /* Debug */ = {
			isa = XCBuildConfiguration;
			baseConfigurationReference = A4E70068E4C4C751B579C25F /* Pods-UISwichUITests.debug.xcconfig */;
			buildSettings = {
				CODE_SIGN_STYLE = Automatic;
				DEVELOPMENT_TEAM = 9ZW85V7AG4;
				INFOPLIST_FILE = UISwichUITests/Info.plist;
				LD_RUNPATH_SEARCH_PATHS = (
					"$(inherited)",
					"@executable_path/Frameworks",
					"@loader_path/Frameworks",
				);
				PRODUCT_BUNDLE_IDENTIFIER = com.chuandukeji.UISwichUITests;
				PRODUCT_NAME = "$(TARGET_NAME)";
				TARGETED_DEVICE_FAMILY = "1,2";
				TEST_TARGET_NAME = UISwich;
			};
			name = Debug;
		};
		18E76CA62133DADC00BB3681 /* Release */ = {
			isa = XCBuildConfiguration;
			baseConfigurationReference = 9B1C1D35BD611A0A26A0FE65 /* Pods-UISwichUITests.release.xcconfig */;
			buildSettings = {
				CODE_SIGN_STYLE = Automatic;
				DEVELOPMENT_TEAM = 9ZW85V7AG4;
				INFOPLIST_FILE = UISwichUITests/Info.plist;
				LD_RUNPATH_SEARCH_PATHS = (
					"$(inherited)",
					"@executable_path/Frameworks",
					"@loader_path/Frameworks",
				);
				PRODUCT_BUNDLE_IDENTIFIER = com.chuandukeji.UISwichUITests;
				PRODUCT_NAME = "$(TARGET_NAME)";
				TARGETED_DEVICE_FAMILY = "1,2";
				TEST_TARGET_NAME = UISwich;
			};
			name = Release;
		};
/* End XCBuildConfiguration section */

/* Begin XCConfigurationList section */
		18E76C6D2133DADB00BB3681 /* Build configuration list for PBXProject "UISwich" */ = {
			isa = XCConfigurationList;
			buildConfigurations = (
				18E76C9C2133DADC00BB3681 /* Debug */,
				18E76C9D2133DADC00BB3681 /* Release */,
			);
			defaultConfigurationIsVisible = 0;
			defaultConfigurationName = Release;
		};
		18E76C9E2133DADC00BB3681 /* Build configuration list for PBXNativeTarget "UISwich" */ = {
			isa = XCConfigurationList;
			buildConfigurations = (
				18E76C9F2133DADC00BB3681 /* Debug */,
				18E76CA02133DADC00BB3681 /* Release */,
			);
			defaultConfigurationIsVisible = 0;
			defaultConfigurationName = Release;
		};
		18E76CA12133DADC00BB3681 /* Build configuration list for PBXNativeTarget "UISwichTests" */ = {
			isa = XCConfigurationList;
			buildConfigurations = (
				18E76CA22133DADC00BB3681 /* Debug */,
				18E76CA32133DADC00BB3681 /* Release */,
			);
			defaultConfigurationIsVisible = 0;
			defaultConfigurationName = Release;
		};
		18E76CA42133DADC00BB3681 /* Build configuration list for PBXNativeTarget "UISwichUITests" */ = {
			isa = XCConfigurationList;
			buildConfigurations = (
				18E76CA52133DADC00BB3681 /* Debug */,
				18E76CA62133DADC00BB3681 /* Release */,
			);
			defaultConfigurationIsVisible = 0;
			defaultConfigurationName = Release;
		};
/* End XCConfigurationList section */
	};
	rootObject = 18E76C6A2133DADB00BB3681 /* Project object */;
}
